
Microsoft Visual Studio Solution File, Format Version 12.00
# Visual Studio 14
VisualStudioVersion = 14.0.23107.0
MinimumVisualStudioVersion = 10.0.40219.1
Project("{FAE04EC0-301F-11D3-BF4B-00C04F79EFBC}") = "VIEW", "PassaTempo\VIEW.csproj", "{C2B79F00-B104-47E3-8EC1-37F3E6C76E41}"
EndProject
Project("{FAE04EC0-301F-11D3-BF4B-00C04F79EFBC}") = "DAO", "DAO\DAO.csproj", "{69FE8897-A31A-4E20-B28D-9CCD07075715}"
EndProject
Project("{FAE04EC0-301F-11D3-BF4B-00C04F79EFBC}") = "MODEL", "MODEL\MODEL.csproj", "{C3A2010D-BAFF-466D-A16F-0E8C9995725A}"
EndProject
Project("{FAE04EC0-301F-11D3-BF4B-00C04F79EFBC}") = "CONTROL", "CONTROL\CONTROL.csproj", "{E71A310C-66F0-47D1-B6E9-BEF1B78C856A}"
EndProject
Global
	GlobalSection(SolutionConfigurationPlatforms) = preSolution
		Debug|Any CPU = Debug|Any CPU
		Release|Any CPU = Release|Any CPU
	EndGlobalSection
	GlobalSection(ProjectConfigurationPlatforms) = postSolution
		{C2B79F00-B104-47E3-8EC1-37F3E6C76E41}.Debug|Any CPU.ActiveCfg = Debug|Any CPU
		{C2B79F00-B104-47E3-8EC1-37F3E6C76E41}.Debug|Any CPU.Build.0 = Debug|Any CPU
		{C2B79F00-B104-47E3-8EC1-37F3E6C76E41}.Release|Any CPU.ActiveCfg = Release|Any CPU
		{C2B79F00-B104-47E3-8EC1-37F3E6C76E41}.Release|Any CPU.Build.0 = Release|Any CPU
		{69FE8897-A31A-4E20-B28D-9CCD07075715}.Debug|Any CPU.ActiveCfg = Debug|Any CPU
		{69FE8897-A31A-4E20-B28D-9CCD07075715}.Debug|Any CPU.Build.0 = Debug|Any CPU
		{69FE8897-A31A-4E20-B28D-9CCD07075715}.Release|Any CPU.ActiveCfg = Release|Any CPU
		{69FE8897-A31A-4E20-B28D-9CCD07075715}.Release|Any CPU.Build.0 = Release|Any CPU
		{C3A2010D-BAFF-466D-A16F-0E8C9995725A}.Debug|Any CPU.ActiveCfg = Debug|Any CPU
		{C3A2010D-BAFF-466D-A16F-0E8C9995725A}.Debug|Any CPU.Build.0 = Debug|Any CPU
		{C3A2010D-BAFF-466D-A16F-0E8C9995725A}.Release|Any CPU.ActiveCfg = Release|Any CPU
		{C3A2010D-BAFF-466D-A16F-0E8C9995725A}.Release|Any CPU.Build.0 = Release|Any CPU
		{E71A310C-66F0-47D1-B6E9-BEF1B78C856A}.Debug|Any CPU.ActiveCfg = Debug|Any CPU
		{E71A310C-66F0-47D1-B6E9-BEF1B78C856A}.Debug|Any CPU.Build.0 = Debug|Any CPU
		{E71A310C-66F0-47D1-B6E9-BEF1B78C856A}.Release|Any CPU.ActiveCfg = Release|Any CPU
		{E71A310C-66F0-47D1-B6E9-BEF1B78C856A}.Release|Any CPU.Build.0 = Release|Any CPU
	EndGlobalSection
	GlobalSection(SolutionProperties) = preSolution
		HideSolutionNode = FALSE
	EndGlobalSection
EndGlobal
